
Microsoft Visual Studio Solution File, Format Version 12.00
# Visual Studio Version 17
VisualStudioVersion = 17.2.32630.192
MinimumVisualStudioVersion = 10.0.40219.1
Project("{2150E333-8FDC-42A3-9474-1A3956D46DE8}") = "Services", "Services", "{9BF0C8D5-F191-48D1-8BFB-87E6C1BDBFD3}"
EndProject
Project("{2150E333-8FDC-42A3-9474-1A3956D46DE8}") = "Catalog", "Catalog", "{405C63FB-A7D1-4BBD-884E-21F9A6FD89A7}"
EndProject
Project("{9A19103F-16F7-4668-BE54-9A1E7A4F7556}") = "Catalog.API", "Services\Catalog\Catalog.API\Catalog.API.csproj", "{B35A14EF-9E77-4768-8BBE-96ADEE228C82}"
EndProject
Project("{9A19103F-16F7-4668-BE54-9A1E7A4F7556}") = "Entities", "Services\Catalog\Entities\Entities.csproj", "{4B188835-0187-4D76-B436-8A6CCAD73DF1}"
EndProject
Project("{9A19103F-16F7-4668-BE54-9A1E7A4F7556}") = "DataAccess", "Services\Catalog\DataAccess\DataAccess.csproj", "{0967525E-E95C-4CDB-9F01-22206F80DEF7}"
EndProject
Project("{9A19103F-16F7-4668-BE54-9A1E7A4F7556}") = "Repositories", "Services\Catalog\Repositories\Repositories.csproj", "{5337667C-FCC2-45F2-88A2-1D1BBC185795}"
EndProject
Project("{E53339B2-1760-4266-BCC7-CA923CBCF16C}") = "docker-compose", "docker-compose.dcproj", "{25571144-3C89-4F43-A890-2AEFE89C6DF7}"
EndProject
Project("{2150E333-8FDC-42A3-9474-1A3956D46DE8}") = "Basket", "Basket", "{D00A261E-0B97-415B-9237-BD99F23A8431}"
EndProject
Project("{9A19103F-16F7-4668-BE54-9A1E7A4F7556}") = "Basket.API", "Services\Basket\Basket.API\Basket.API.csproj", "{E1619AB7-1D97-45D7-A00B-A7387CA5A9B3}"
EndProject
Project("{9A19103F-16F7-4668-BE54-9A1E7A4F7556}") = "Entities", "Services\Basket\Entities\Entities.csproj", "{DE69C79C-6576-433E-9906-5B60E49E07F8}"
EndProject
Project("{9A19103F-16F7-4668-BE54-9A1E7A4F7556}") = "DataAccess", "Services\Basket\DataAccess\DataAccess.csproj", "{FCBCF237-5C48-4A09-B497-185819929330}"
EndProject
Project("{9A19103F-16F7-4668-BE54-9A1E7A4F7556}") = "Repositories", "Services\Basket\Repositories\Repositories.csproj", "{E1077D2E-8A4E-44F9-BE3E-7FD9B79D2DEE}"
EndProject
Project("{2150E333-8FDC-42A3-9474-1A3956D46DE8}") = "Discount", "Discount", "{BDCCCACB-AD30-429F-8C54-6638DA37E22E}"
EndProject
Project("{9A19103F-16F7-4668-BE54-9A1E7A4F7556}") = "Discount.API", "Services\Discount\Discount.API\Discount.API.csproj", "{909CEFD8-6407-4788-8030-43B4AC256A1F}"
EndProject
Project("{9A19103F-16F7-4668-BE54-9A1E7A4F7556}") = "Entities", "Services\Discount\Entities\Entities.csproj", "{0A9F727E-2FF6-4058-B2DE-E93691C36379}"
EndProject
Project("{9A19103F-16F7-4668-BE54-9A1E7A4F7556}") = "DataAccess", "Services\Discount\DataAccess\DataAccess.csproj", "{81976468-30B9-4EB4-950A-5323C9151584}"
EndProject
Project("{9A19103F-16F7-4668-BE54-9A1E7A4F7556}") = "Repositories", "Services\Discount\Repositories\Repositories.csproj", "{387C4140-736F-4658-A4A5-849E60E92B38}"
EndProject
Project("{9A19103F-16F7-4668-BE54-9A1E7A4F7556}") = "Discount.Grpc", "Services\Discount\Discount.Grpc\Discount.Grpc.csproj", "{55BB97D9-1500-4F2B-BED9-126B672FAE03}"
EndProject
Project("{2150E333-8FDC-42A3-9474-1A3956D46DE8}") = "Ordering", "Ordering", "{C01AC8FC-D3BE-4858-B259-662AC3A03300}"
EndProject
Project("{FAE04EC0-301F-11D3-BF4B-00C04F79EFBC}") = "Ordering.API", "Services\Ordering\Ordering.API\Ordering.API.csproj", "{8EF3E2F0-80B3-4028-AD35-44B33CA962F9}"
EndProject
Project("{FAE04EC0-301F-11D3-BF4B-00C04F79EFBC}") = "Ordering.Domain", "Services\Ordering\Ordering.Domain\Ordering.Domain.csproj", "{29D36CFF-042F-4739-BC30-30AF60D16511}"
EndProject
Project("{FAE04EC0-301F-11D3-BF4B-00C04F79EFBC}") = "Ordering.Application", "Services\Ordering\Ordering.Application\Ordering.Application.csproj", "{46377D63-9F76-46BB-A601-8D995A3E026C}"
EndProject
Project("{FAE04EC0-301F-11D3-BF4B-00C04F79EFBC}") = "Ordering.Infrastructure", "Services\Ordering\Ordering.Infrastructure\Ordering.Infrastructure.csproj", "{5CF76751-1861-438F-A2C7-F68A495DB76E}"
EndProject
Global
	GlobalSection(SolutionConfigurationPlatforms) = preSolution
		Debug|Any CPU = Debug|Any CPU
		Release|Any CPU = Release|Any CPU
	EndGlobalSection
	GlobalSection(ProjectConfigurationPlatforms) = postSolution
		{B35A14EF-9E77-4768-8BBE-96ADEE228C82}.Debug|Any CPU.ActiveCfg = Debug|Any CPU
		{B35A14EF-9E77-4768-8BBE-96ADEE228C82}.Debug|Any CPU.Build.0 = Debug|Any CPU
		{B35A14EF-9E77-4768-8BBE-96ADEE228C82}.Release|Any CPU.ActiveCfg = Release|Any CPU
		{B35A14EF-9E77-4768-8BBE-96ADEE228C82}.Release|Any CPU.Build.0 = Release|Any CPU
		{4B188835-0187-4D76-B436-8A6CCAD73DF1}.Debug|Any CPU.ActiveCfg = Debug|Any CPU
		{4B188835-0187-4D76-B436-8A6CCAD73DF1}.Debug|Any CPU.Build.0 = Debug|Any CPU
		{4B188835-0187-4D76-B436-8A6CCAD73DF1}.Release|Any CPU.ActiveCfg = Release|Any CPU
		{4B188835-0187-4D76-B436-8A6CCAD73DF1}.Release|Any CPU.Build.0 = Release|Any CPU
		{0967525E-E95C-4CDB-9F01-22206F80DEF7}.Debug|Any CPU.ActiveCfg = Debug|Any CPU
		{0967525E-E95C-4CDB-9F01-22206F80DEF7}.Debug|Any CPU.Build.0 = Debug|Any CPU
		{0967525E-E95C-4CDB-9F01-22206F80DEF7}.Release|Any CPU.ActiveCfg = Release|Any CPU
		{0967525E-E95C-4CDB-9F01-22206F80DEF7}.Release|Any CPU.Build.0 = Release|Any CPU
		{5337667C-FCC2-45F2-88A2-1D1BBC185795}.Debug|Any CPU.ActiveCfg = Debug|Any CPU
		{5337667C-FCC2-45F2-88A2-1D1BBC185795}.Debug|Any CPU.Build.0 = Debug|Any CPU
		{5337667C-FCC2-45F2-88A2-1D1BBC185795}.Release|Any CPU.ActiveCfg = Release|Any CPU
		{5337667C-FCC2-45F2-88A2-1D1BBC185795}.Release|Any CPU.Build.0 = Release|Any CPU
		{25571144-3C89-4F43-A890-2AEFE89C6DF7}.Debug|Any CPU.ActiveCfg = Debug|Any CPU
		{25571144-3C89-4F43-A890-2AEFE89C6DF7}.Debug|Any CPU.Build.0 = Debug|Any CPU
		{25571144-3C89-4F43-A890-2AEFE89C6DF7}.Release|Any CPU.ActiveCfg = Release|Any CPU
		{25571144-3C89-4F43-A890-2AEFE89C6DF7}.Release|Any CPU.Build.0 = Release|Any CPU
		{E1619AB7-1D97-45D7-A00B-A7387CA5A9B3}.Debug|Any CPU.ActiveCfg = Debug|Any CPU
		{E1619AB7-1D97-45D7-A00B-A7387CA5A9B3}.Debug|Any CPU.Build.0 = Debug|Any CPU
		{E1619AB7-1D97-45D7-A00B-A7387CA5A9B3}.Release|Any CPU.ActiveCfg = Release|Any CPU
		{E1619AB7-1D97-45D7-A00B-A7387CA5A9B3}.Release|Any CPU.Build.0 = Release|Any CPU
		{DE69C79C-6576-433E-9906-5B60E49E07F8}.Debug|Any CPU.ActiveCfg = Debug|Any CPU
		{DE69C79C-6576-433E-9906-5B60E49E07F8}.Debug|Any CPU.Build.0 = Debug|Any CPU
		{DE69C79C-6576-433E-9906-5B60E49E07F8}.Release|Any CPU.ActiveCfg = Release|Any CPU
		{DE69C79C-6576-433E-9906-5B60E49E07F8}.Release|Any CPU.Build.0 = Release|Any CPU
		{FCBCF237-5C48-4A09-B497-185819929330}.Debug|Any CPU.ActiveCfg = Debug|Any CPU
		{FCBCF237-5C48-4A09-B497-185819929330}.Debug|Any CPU.Build.0 = Debug|Any CPU
		{FCBCF237-5C48-4A09-B497-185819929330}.Release|Any CPU.ActiveCfg = Release|Any CPU
		{FCBCF237-5C48-4A09-B497-185819929330}.Release|Any CPU.Build.0 = Release|Any CPU
		{E1077D2E-8A4E-44F9-BE3E-7FD9B79D2DEE}.Debug|Any CPU.ActiveCfg = Debug|Any CPU
		{E1077D2E-8A4E-44F9-BE3E-7FD9B79D2DEE}.Debug|Any CPU.Build.0 = Debug|Any CPU
		{E1077D2E-8A4E-44F9-BE3E-7FD9B79D2DEE}.Release|Any CPU.ActiveCfg = Release|Any CPU
		{E1077D2E-8A4E-44F9-BE3E-7FD9B79D2DEE}.Release|Any CPU.Build.0 = Release|Any CPU
		{909CEFD8-6407-4788-8030-43B4AC256A1F}.Debug|Any CPU.ActiveCfg = Debug|Any CPU
		{909CEFD8-6407-4788-8030-43B4AC256A1F}.Debug|Any CPU.Build.0 = Debug|Any CPU
		{909CEFD8-6407-4788-8030-43B4AC256A1F}.Release|Any CPU.ActiveCfg = Release|Any CPU
		{909CEFD8-6407-4788-8030-43B4AC256A1F}.Release|Any CPU.Build.0 = Release|Any CPU
		{0A9F727E-2FF6-4058-B2DE-E93691C36379}.Debug|Any CPU.ActiveCfg = Debug|Any CPU
		{0A9F727E-2FF6-4058-B2DE-E93691C36379}.Debug|Any CPU.Build.0 = Debug|Any CPU
		{0A9F727E-2FF6-4058-B2DE-E93691C36379}.Release|Any CPU.ActiveCfg = Release|Any CPU
		{0A9F727E-2FF6-4058-B2DE-E93691C36379}.Release|Any CPU.Build.0 = Release|Any CPU
		{81976468-30B9-4EB4-950A-5323C9151584}.Debug|Any CPU.ActiveCfg = Debug|Any CPU
		{81976468-30B9-4EB4-950A-5323C9151584}.Debug|Any CPU.Build.0 = Debug|Any CPU
		{81976468-30B9-4EB4-950A-5323C9151584}.Release|Any CPU.ActiveCfg = Release|Any CPU
		{81976468-30B9-4EB4-950A-5323C9151584}.Release|Any CPU.Build.0 = Release|Any CPU
		{387C4140-736F-4658-A4A5-849E60E92B38}.Debug|Any CPU.ActiveCfg = Debug|Any CPU
		{387C4140-736F-4658-A4A5-849E60E92B38}.Debug|Any CPU.Build.0 = Debug|Any CPU
		{387C4140-736F-4658-A4A5-849E60E92B38}.Release|Any CPU.ActiveCfg = Release|Any CPU
		{387C4140-736F-4658-A4A5-849E60E92B38}.Release|Any CPU.Build.0 = Release|Any CPU
		{55BB97D9-1500-4F2B-BED9-126B672FAE03}.Debug|Any CPU.ActiveCfg = Debug|Any CPU
		{55BB97D9-1500-4F2B-BED9-126B672FAE03}.Debug|Any CPU.Build.0 = Debug|Any CPU
		{55BB97D9-1500-4F2B-BED9-126B672FAE03}.Release|Any CPU.ActiveCfg = Release|Any CPU
		{55BB97D9-1500-4F2B-BED9-126B672FAE03}.Release|Any CPU.Build.0 = Release|Any CPU
		{8EF3E2F0-80B3-4028-AD35-44B33CA962F9}.Debug|Any CPU.ActiveCfg = Debug|Any CPU
		{8EF3E2F0-80B3-4028-AD35-44B33CA962F9}.Debug|Any CPU.Build.0 = Debug|Any CPU
		{8EF3E2F0-80B3-4028-AD35-44B33CA962F9}.Release|Any CPU.ActiveCfg = Release|Any CPU
		{8EF3E2F0-80B3-4028-AD35-44B33CA962F9}.Release|Any CPU.Build.0 = Release|Any CPU
		{29D36CFF-042F-4739-BC30-30AF60D16511}.Debug|Any CPU.ActiveCfg = Debug|Any CPU
		{29D36CFF-042F-4739-BC30-30AF60D16511}.Debug|Any CPU.Build.0 = Debug|Any CPU
		{29D36CFF-042F-4739-BC30-30AF60D16511}.Release|Any CPU.ActiveCfg = Release|Any CPU
		{29D36CFF-042F-4739-BC30-30AF60D16511}.Release|Any CPU.Build.0 = Release|Any CPU
		{46377D63-9F76-46BB-A601-8D995A3E026C}.Debug|Any CPU.ActiveCfg = Debug|Any CPU
		{46377D63-9F76-46BB-A601-8D995A3E026C}.Debug|Any CPU.Build.0 = Debug|Any CPU
		{46377D63-9F76-46BB-A601-8D995A3E026C}.Release|Any CPU.ActiveCfg = Release|Any CPU
		{46377D63-9F76-46BB-A601-8D995A3E026C}.Release|Any CPU.Build.0 = Release|Any CPU
		{5CF76751-1861-438F-A2C7-F68A495DB76E}.Debug|Any CPU.ActiveCfg = Debug|Any CPU
		{5CF76751-1861-438F-A2C7-F68A495DB76E}.Debug|Any CPU.Build.0 = Debug|Any CPU
		{5CF76751-1861-438F-A2C7-F68A495DB76E}.Release|Any CPU.ActiveCfg = Release|Any CPU
		{5CF76751-1861-438F-A2C7-F68A495DB76E}.Release|Any CPU.Build.0 = Release|Any CPU
	EndGlobalSection
	GlobalSection(SolutionProperties) = preSolution
		HideSolutionNode = FALSE
	EndGlobalSection
	GlobalSection(NestedProjects) = preSolution
		{405C63FB-A7D1-4BBD-884E-21F9A6FD89A7} = {9BF0C8D5-F191-48D1-8BFB-87E6C1BDBFD3}
		{B35A14EF-9E77-4768-8BBE-96ADEE228C82} = {405C63FB-A7D1-4BBD-884E-21F9A6FD89A7}
		{4B188835-0187-4D76-B436-8A6CCAD73DF1} = {405C63FB-A7D1-4BBD-884E-21F9A6FD89A7}
		{0967525E-E95C-4CDB-9F01-22206F80DEF7} = {405C63FB-A7D1-4BBD-884E-21F9A6FD89A7}
		{5337667C-FCC2-45F2-88A2-1D1BBC185795} = {405C63FB-A7D1-4BBD-884E-21F9A6FD89A7}
		{D00A261E-0B97-415B-9237-BD99F23A8431} = {9BF0C8D5-F191-48D1-8BFB-87E6C1BDBFD3}
		{E1619AB7-1D97-45D7-A00B-A7387CA5A9B3} = {D00A261E-0B97-415B-9237-BD99F23A8431}
		{DE69C79C-6576-433E-9906-5B60E49E07F8} = {D00A261E-0B97-415B-9237-BD99F23A8431}
		{FCBCF237-5C48-4A09-B497-185819929330} = {D00A261E-0B97-415B-9237-BD99F23A8431}
		{E1077D2E-8A4E-44F9-BE3E-7FD9B79D2DEE} = {D00A261E-0B97-415B-9237-BD99F23A8431}
		{BDCCCACB-AD30-429F-8C54-6638DA37E22E} = {9BF0C8D5-F191-48D1-8BFB-87E6C1BDBFD3}
		{909CEFD8-6407-4788-8030-43B4AC256A1F} = {BDCCCACB-AD30-429F-8C54-6638DA37E22E}
		{0A9F727E-2FF6-4058-B2DE-E93691C36379} = {BDCCCACB-AD30-429F-8C54-6638DA37E22E}
		{81976468-30B9-4EB4-950A-5323C9151584} = {BDCCCACB-AD30-429F-8C54-6638DA37E22E}
		{387C4140-736F-4658-A4A5-849E60E92B38} = {BDCCCACB-AD30-429F-8C54-6638DA37E22E}
		{55BB97D9-1500-4F2B-BED9-126B672FAE03} = {BDCCCACB-AD30-429F-8C54-6638DA37E22E}
		{C01AC8FC-D3BE-4858-B259-662AC3A03300} = {9BF0C8D5-F191-48D1-8BFB-87E6C1BDBFD3}
		{8EF3E2F0-80B3-4028-AD35-44B33CA962F9} = {C01AC8FC-D3BE-4858-B259-662AC3A03300}
		{29D36CFF-042F-4739-BC30-30AF60D16511} = {C01AC8FC-D3BE-4858-B259-662AC3A03300}
		{46377D63-9F76-46BB-A601-8D995A3E026C} = {C01AC8FC-D3BE-4858-B259-662AC3A03300}
		{5CF76751-1861-438F-A2C7-F68A495DB76E} = {C01AC8FC-D3BE-4858-B259-662AC3A03300}
	EndGlobalSection
	GlobalSection(ExtensibilityGlobals) = postSolution
		SolutionGuid = {86E67CCD-E8DC-47BB-AB71-8F0CB8ED0DA8}
	EndGlobalSection
EndGlobal
